<?xml version="1.0" encoding="utf-8"?>
<Project ToolsVersion="4.0" xmlns="http://schemas.microsoft.com/developer/msbuild/2003">
  <ItemGroup>
    <Filter Include="소스 파일">
      <UniqueIdentifier>{4FC737F1-C7A5-4376-A066-2A32D752A2FF}</UniqueIdentifier>
      <Extensions>cpp;c;cc;cxx;def;odl;idl;hpj;bat;asm;asmx</Extensions>
    </Filter>
    <Filter Include="헤더 파일">
      <UniqueIdentifier>{93995380-89BD-4b04-88EB-625FBE52EBFB}</UniqueIdentifier>
      <Extensions>h;hh;hpp;hxx;hm;inl;inc;ipp;xsd</Extensions>
    </Filter>
    <Filter Include="리소스 파일">
      <UniqueIdentifier>{67DA6AB6-F800-4c08-8B7A-83BB121AAD01}</UniqueIdentifier>
      <Extensions>rc;ico;cur;bmp;dlg;rc2;rct;bin;rgs;gif;jpg;jpeg;jpe;resx;tiff;tif;png;wav;mfcribbon-ms</Extensions>
    </Filter>
  </ItemGroup>
  <ItemGroup>
    <ClCompile Include="..\..\..\baekjoon_C-\baekjoon_github_upload\baekjoon_github_upload\1007.cpp">
      <Filter>소스 파일</Filter>
    </ClCompile>
    <ClCompile Include="..\..\..\baekjoon_C-\baekjoon_github_upload\baekjoon_github_upload\1007_fail.cpp">
      <Filter>소스 파일</Filter>
    </ClCompile>
    <ClCompile Include="..\..\..\baekjoon_C-\baekjoon_github_upload\baekjoon_github_upload\1043.cpp">
      <Filter>소스 파일</Filter>
    </ClCompile>
    <ClCompile Include="..\..\..\baekjoon_C-\baekjoon_github_upload\baekjoon_github_upload\10486.cpp">
      <Filter>소스 파일</Filter>
    </ClCompile>
    <ClCompile Include="..\..\..\baekjoon_C-\baekjoon_github_upload\baekjoon_github_upload\10799.cpp">
      <Filter>소스 파일</Filter>
    </ClCompile>
    <ClCompile Include="..\..\..\baekjoon_C-\baekjoon_github_upload\baekjoon_github_upload\10800.cpp">
      <Filter>소스 파일</Filter>
    </ClCompile>
    <ClCompile Include="..\..\..\baekjoon_C-\baekjoon_github_upload\baekjoon_github_upload\10828.cpp">
      <Filter>소스 파일</Filter>
    </ClCompile>
    <ClCompile Include="..\..\..\baekjoon_C-\baekjoon_github_upload\baekjoon_github_upload\10845.cpp">
      <Filter>소스 파일</Filter>
    </ClCompile>
    <ClCompile Include="..\..\..\baekjoon_C-\baekjoon_github_upload\baekjoon_github_upload\10866.cpp">
      <Filter>소스 파일</Filter>
    </ClCompile>
    <ClCompile Include="..\..\..\baekjoon_C-\baekjoon_github_upload\baekjoon_github_upload\10872.cpp">
      <Filter>소스 파일</Filter>
    </ClCompile>
    <ClCompile Include="..\..\..\baekjoon_C-\baekjoon_github_upload\baekjoon_github_upload\10994.cpp">
      <Filter>소스 파일</Filter>
    </ClCompile>
    <ClCompile Include="..\..\..\baekjoon_C-\baekjoon_github_upload\baekjoon_github_upload\11054.cpp">
      <Filter>소스 파일</Filter>
    </ClCompile>
    <ClCompile Include="..\..\..\baekjoon_C-\baekjoon_github_upload\baekjoon_github_upload\1155.cpp">
      <Filter>소스 파일</Filter>
    </ClCompile>
    <ClCompile Include="..\..\..\baekjoon_C-\baekjoon_github_upload\baekjoon_github_upload\1155_test.cpp">
      <Filter>소스 파일</Filter>
    </ClCompile>
    <ClCompile Include="..\..\..\baekjoon_C-\baekjoon_github_upload\baekjoon_github_upload\12094.cpp">
      <Filter>소스 파일</Filter>
    </ClCompile>
    <ClCompile Include="..\..\..\baekjoon_C-\baekjoon_github_upload\baekjoon_github_upload\12100.cpp">
      <Filter>소스 파일</Filter>
    </ClCompile>
    <ClCompile Include="..\..\..\baekjoon_C-\baekjoon_github_upload\baekjoon_github_upload\1260.cpp">
      <Filter>소스 파일</Filter>
    </ClCompile>
    <ClCompile Include="..\..\..\baekjoon_C-\baekjoon_github_upload\baekjoon_github_upload\13141.cpp">
      <Filter>소스 파일</Filter>
    </ClCompile>
    <ClCompile Include="..\..\..\baekjoon_C-\baekjoon_github_upload\baekjoon_github_upload\13144.cpp">
      <Filter>소스 파일</Filter>
    </ClCompile>
    <ClCompile Include="..\..\..\baekjoon_C-\baekjoon_github_upload\baekjoon_github_upload\13460.cpp">
      <Filter>소스 파일</Filter>
    </ClCompile>
    <ClCompile Include="..\..\..\baekjoon_C-\baekjoon_github_upload\baekjoon_github_upload\14003.cpp">
      <Filter>소스 파일</Filter>
    </ClCompile>
    <ClCompile Include="..\..\..\baekjoon_C-\baekjoon_github_upload\baekjoon_github_upload\1431.cpp">
      <Filter>소스 파일</Filter>
    </ClCompile>
    <ClCompile Include="..\..\..\baekjoon_C-\baekjoon_github_upload\baekjoon_github_upload\14499.cpp">
      <Filter>소스 파일</Filter>
    </ClCompile>
    <ClCompile Include="..\..\..\baekjoon_C-\baekjoon_github_upload\baekjoon_github_upload\14658.cpp">
      <Filter>소스 파일</Filter>
    </ClCompile>
    <ClCompile Include="..\..\..\baekjoon_C-\baekjoon_github_upload\baekjoon_github_upload\15591.cpp">
      <Filter>소스 파일</Filter>
    </ClCompile>
    <ClCompile Include="..\..\..\baekjoon_C-\baekjoon_github_upload\baekjoon_github_upload\1561.cpp">
      <Filter>소스 파일</Filter>
    </ClCompile>
    <ClCompile Include="..\..\..\baekjoon_C-\baekjoon_github_upload\baekjoon_github_upload\15654.cpp">
      <Filter>소스 파일</Filter>
    </ClCompile>
    <ClCompile Include="..\..\..\baekjoon_C-\baekjoon_github_upload\baekjoon_github_upload\15684.cpp">
      <Filter>소스 파일</Filter>
    </ClCompile>
    <ClCompile Include="..\..\..\baekjoon_C-\baekjoon_github_upload\baekjoon_github_upload\15989.cpp">
      <Filter>소스 파일</Filter>
    </ClCompile>
    <ClCompile Include="..\..\..\baekjoon_C-\baekjoon_github_upload\baekjoon_github_upload\16496.cpp">
      <Filter>소스 파일</Filter>
    </ClCompile>
    <ClCompile Include="..\..\..\baekjoon_C-\baekjoon_github_upload\baekjoon_github_upload\1655.cpp">
      <Filter>소스 파일</Filter>
    </ClCompile>
    <ClCompile Include="..\..\..\baekjoon_C-\baekjoon_github_upload\baekjoon_github_upload\16637.cpp">
      <Filter>소스 파일</Filter>
    </ClCompile>
    <ClCompile Include="..\..\..\baekjoon_C-\baekjoon_github_upload\baekjoon_github_upload\16946.cpp">
      <Filter>소스 파일</Filter>
    </ClCompile>
    <ClCompile Include="..\..\..\baekjoon_C-\baekjoon_github_upload\baekjoon_github_upload\17070.cpp">
      <Filter>소스 파일</Filter>
    </ClCompile>
    <ClCompile Include="..\..\..\baekjoon_C-\baekjoon_github_upload\baekjoon_github_upload\17135.cpp">
      <Filter>소스 파일</Filter>
    </ClCompile>
    <ClCompile Include="..\..\..\baekjoon_C-\baekjoon_github_upload\baekjoon_github_upload\17136.cpp">
      <Filter>소스 파일</Filter>
    </ClCompile>
    <ClCompile Include="..\..\..\baekjoon_C-\baekjoon_github_upload\baekjoon_github_upload\17136_test.cpp">
      <Filter>소스 파일</Filter>
    </ClCompile>
    <ClCompile Include="..\..\..\baekjoon_C-\baekjoon_github_upload\baekjoon_github_upload\17182.cpp">
      <Filter>소스 파일</Filter>
    </ClCompile>
    <ClCompile Include="..\..\..\baekjoon_C-\baekjoon_github_upload\baekjoon_github_upload\17281.cpp">
      <Filter>소스 파일</Filter>
    </ClCompile>
    <ClCompile Include="..\..\..\baekjoon_C-\baekjoon_github_upload\baekjoon_github_upload\17298.cpp">
      <Filter>소스 파일</Filter>
    </ClCompile>
    <ClCompile Include="..\..\..\baekjoon_C-\baekjoon_github_upload\baekjoon_github_upload\17406.cpp">
      <Filter>소스 파일</Filter>
    </ClCompile>
    <ClCompile Include="..\..\..\baekjoon_C-\baekjoon_github_upload\baekjoon_github_upload\17471.cpp">
      <Filter>소스 파일</Filter>
    </ClCompile>
    <ClCompile Include="..\..\..\baekjoon_C-\baekjoon_github_upload\baekjoon_github_upload\17472.cpp">
      <Filter>소스 파일</Filter>
    </ClCompile>
    <ClCompile Include="..\..\..\baekjoon_C-\baekjoon_github_upload\baekjoon_github_upload\1753.cpp">
      <Filter>소스 파일</Filter>
    </ClCompile>
    <ClCompile Include="..\..\..\baekjoon_C-\baekjoon_github_upload\baekjoon_github_upload\17825.cpp">
      <Filter>소스 파일</Filter>
    </ClCompile>
    <ClCompile Include="..\..\..\baekjoon_C-\baekjoon_github_upload\baekjoon_github_upload\1834.cpp">
      <Filter>소스 파일</Filter>
    </ClCompile>
    <ClCompile Include="..\..\..\baekjoon_C-\baekjoon_github_upload\baekjoon_github_upload\18428.cpp">
      <Filter>소스 파일</Filter>
    </ClCompile>
    <ClCompile Include="..\..\..\baekjoon_C-\baekjoon_github_upload\baekjoon_github_upload\18500.cpp">
      <Filter>소스 파일</Filter>
    </ClCompile>
    <ClCompile Include="..\..\..\baekjoon_C-\baekjoon_github_upload\baekjoon_github_upload\1854.cpp">
      <Filter>소스 파일</Filter>
    </ClCompile>
    <ClCompile Include="..\..\..\baekjoon_C-\baekjoon_github_upload\baekjoon_github_upload\1976.cpp">
      <Filter>소스 파일</Filter>
    </ClCompile>
    <ClCompile Include="..\..\..\baekjoon_C-\baekjoon_github_upload\baekjoon_github_upload\20058.cpp">
      <Filter>소스 파일</Filter>
    </ClCompile>
    <ClCompile Include="..\..\..\baekjoon_C-\baekjoon_github_upload\baekjoon_github_upload\2098.cpp">
      <Filter>소스 파일</Filter>
    </ClCompile>
    <ClCompile Include="..\..\..\baekjoon_C-\baekjoon_github_upload\baekjoon_github_upload\21314.cpp">
      <Filter>소스 파일</Filter>
    </ClCompile>
    <ClCompile Include="..\..\..\baekjoon_C-\baekjoon_github_upload\baekjoon_github_upload\2138.cpp">
      <Filter>소스 파일</Filter>
    </ClCompile>
    <ClCompile Include="..\..\..\baekjoon_C-\baekjoon_github_upload\baekjoon_github_upload\21609.cpp">
      <Filter>소스 파일</Filter>
    </ClCompile>
    <ClCompile Include="..\..\..\baekjoon_C-\baekjoon_github_upload\baekjoon_github_upload\2447.cpp">
      <Filter>소스 파일</Filter>
    </ClCompile>
    <ClCompile Include="..\..\..\baekjoon_C-\baekjoon_github_upload\baekjoon_github_upload\2448.cpp">
      <Filter>소스 파일</Filter>
    </ClCompile>
    <ClCompile Include="..\..\..\baekjoon_C-\baekjoon_github_upload\baekjoon_github_upload\2470.cpp">
      <Filter>소스 파일</Filter>
    </ClCompile>
    <ClCompile Include="..\..\..\baekjoon_C-\baekjoon_github_upload\baekjoon_github_upload\2470_fail.cpp">
      <Filter>소스 파일</Filter>
    </ClCompile>
    <ClCompile Include="..\..\..\baekjoon_C-\baekjoon_github_upload\baekjoon_github_upload\2482.cpp">
      <Filter>소스 파일</Filter>
    </ClCompile>
    <ClCompile Include="..\..\..\baekjoon_C-\baekjoon_github_upload\baekjoon_github_upload\2493.cpp">
      <Filter>소스 파일</Filter>
    </ClCompile>
    <ClCompile Include="..\..\..\baekjoon_C-\baekjoon_github_upload\baekjoon_github_upload\2504.cpp">
      <Filter>소스 파일</Filter>
    </ClCompile>
    <ClCompile Include="..\..\..\baekjoon_C-\baekjoon_github_upload\baekjoon_github_upload\25215.cpp">
      <Filter>소스 파일</Filter>
    </ClCompile>
    <ClCompile Include="..\..\..\baekjoon_C-\baekjoon_github_upload\baekjoon_github_upload\25501.cpp">
      <Filter>소스 파일</Filter>
    </ClCompile>
    <ClCompile Include="..\..\..\baekjoon_C-\baekjoon_github_upload\baekjoon_github_upload\25709.cpp">
      <Filter>소스 파일</Filter>
    </ClCompile>
    <ClCompile Include="..\..\..\baekjoon_C-\baekjoon_github_upload\baekjoon_github_upload\25709_fail.cpp">
      <Filter>소스 파일</Filter>
    </ClCompile>
    <ClCompile Include="..\..\..\baekjoon_C-\baekjoon_github_upload\baekjoon_github_upload\2578.cpp">
      <Filter>소스 파일</Filter>
    </ClCompile>
    <ClCompile Include="..\..\..\baekjoon_C-\baekjoon_github_upload\baekjoon_github_upload\2618.cpp">
      <Filter>소스 파일</Filter>
    </ClCompile>
    <ClCompile Include="..\..\..\baekjoon_C-\baekjoon_github_upload\baekjoon_github_upload\2632.cpp">
      <Filter>소스 파일</Filter>
    </ClCompile>
    <ClCompile Include="..\..\..\baekjoon_C-\baekjoon_github_upload\baekjoon_github_upload\2638.cpp">
      <Filter>소스 파일</Filter>
    </ClCompile>
    <ClCompile Include="..\..\..\baekjoon_C-\baekjoon_github_upload\baekjoon_github_upload\2718.cpp">
      <Filter>소스 파일</Filter>
    </ClCompile>
    <ClCompile Include="..\..\..\baekjoon_C-\baekjoon_github_upload\baekjoon_github_upload\2842.cpp">
      <Filter>소스 파일</Filter>
    </ClCompile>
    <ClCompile Include="..\..\..\baekjoon_C-\baekjoon_github_upload\baekjoon_github_upload\3109.cpp">
      <Filter>소스 파일</Filter>
    </ClCompile>
    <ClCompile Include="..\..\..\baekjoon_C-\baekjoon_github_upload\baekjoon_github_upload\3190.cpp">
      <Filter>소스 파일</Filter>
    </ClCompile>
    <ClCompile Include="..\..\..\baekjoon_C-\baekjoon_github_upload\baekjoon_github_upload\3197.cpp">
      <Filter>소스 파일</Filter>
    </ClCompile>
    <ClCompile Include="..\..\..\baekjoon_C-\baekjoon_github_upload\baekjoon_github_upload\6549.cpp">
      <Filter>소스 파일</Filter>
    </ClCompile>
    <ClCompile Include="..\..\..\baekjoon_C-\baekjoon_github_upload\baekjoon_github_upload\7490.cpp">
      <Filter>소스 파일</Filter>
    </ClCompile>
    <ClCompile Include="..\..\..\baekjoon_C-\baekjoon_github_upload\baekjoon_github_upload\7576.cpp">
      <Filter>소스 파일</Filter>
    </ClCompile>
    <ClCompile Include="..\..\..\baekjoon_C-\baekjoon_github_upload\baekjoon_github_upload\8972.cpp">
      <Filter>소스 파일</Filter>
    </ClCompile>
    <ClCompile Include="..\..\..\baekjoon_C-\baekjoon_github_upload\baekjoon_github_upload\9084.cpp">
      <Filter>소스 파일</Filter>
    </ClCompile>
    <ClCompile Include="..\..\..\baekjoon_C-\baekjoon_github_upload\baekjoon_github_upload\9376.cpp">
      <Filter>소스 파일</Filter>
    </ClCompile>
    <ClCompile Include="..\..\..\baekjoon_C-\baekjoon_github_upload\baekjoon_github_upload\9376_fail.cpp">
      <Filter>소스 파일</Filter>
    </ClCompile>
    <ClCompile Include="..\..\..\baekjoon_C-\baekjoon_github_upload\baekjoon_github_upload\9466.cpp">
      <Filter>소스 파일</Filter>
    </ClCompile>
    <ClCompile Include="..\..\..\baekjoon_C-\baekjoon_github_upload\baekjoon_github_upload\makeinput.cpp">
      <Filter>소스 파일</Filter>
    </ClCompile>
    <ClCompile Include="1167.cpp">
      <Filter>소스 파일</Filter>
    </ClCompile>
  </ItemGroup>
</Project>